{
  "version": 1,
  "dependencies": {
    "net9.0-windows7.0": {
      "Microsoft.NET.ILLink.Tasks": {
        "type": "Direct",
        "requested": "[9.0.19, )",
        "resolved": "9.0.19",
        "contentHash": "I9GkKrCVjzxGU1hsKSurOW6P/ABPPHARfc/MTnzIgDb8YjJ/votxKN2z7K+J3DvlQXGH0O7KqdtBseRj8j7eNQ=="
      },
      "BouncyCastle.Cryptography": {
        "type": "Transitive",
        "resolved": "2.6.2",
        "contentHash": "7oWOcvnntmMKNzDLsdxAYqApt+AjpRpP2CShjMfIa3umZ42UQMvH0tl1qAliYPNYO6vTdcGMqnRrCPmsfzTI1w=="
      },
      "System.Security.Cryptography.ProtectedData": {
        "type": "Transitive",
        "resolved": "9.0.0",
        "contentHash": "CJW+x/F6fmRQ7N6K8paasTw9PDZp4t7G76UjGNlSDgoHPF0h08vTzLYbLZpOLEJSg35d5wy2jCXGo84EN05DpQ=="
      },
      "kalynaarchiver.signing": {
        "type": "Project",
        "dependencies": {
          "BouncyCastle.Cryptography": "[2.6.2, )",
          "System.Security.Cryptography.ProtectedData": "[9.0.0, )"
        }
      }
    },
    "net9.0-windows7.0/win-x64": {}
  }
}